
Microsoft Visual Studio Solution File, Format Version 12.00
# Visual Studio Version 17
VisualStudioVersion = 17.11.35327.3
MinimumVisualStudioVersion = 10.0.40219.1
Project("{8BC9CEB8-8B4A-11D0-8D11-00A0C91BC942}") = "Problem #34", "Problem #34\Problem #34.vcxproj", "{42C8FB93-5711-4C8F-87D5-115110B6784F}"
EndProject
Global
	GlobalSection(SolutionConfigurationPlatforms) = preSolution
		Debug|x64 = Debug|x64
		Debug|x86 = Debug|x86
		Release|x64 = Release|x64
		Release|x86 = Release|x86
	EndGlobalSection
	GlobalSection(ProjectConfigurationPlatforms) = postSolution
		{42C8FB93-5711-4C8F-87D5-115110B6784F}.Debug|x64.ActiveCfg = Debug|x64
		{42C8FB93-5711-4C8F-87D5-115110B6784F}.Debug|x64.Build.0 = Debug|x64
		{42C8FB93-5711-4C8F-87D5-115110B6784F}.Debug|x86.ActiveCfg = Debug|Win32
		{42C8FB93-5711-4C8F-87D5-115110B6784F}.Debug|x86.Build.0 = Debug|Win32
		{42C8FB93-5711-4C8F-87D5-115110B6784F}.Release|x64.ActiveCfg = Release|x64
		{42C8FB93-5711-4C8F-87D5-115110B6784F}.Release|x64.Build.0 = Release|x64
		{42C8FB93-5711-4C8F-87D5-115110B6784F}.Release|x86.ActiveCfg = Release|Win32
		{42C8FB93-5711-4C8F-87D5-115110B6784F}.Release|x86.Build.0 = Release|Win32
	EndGlobalSection
	GlobalSection(SolutionProperties) = preSolution
		HideSolutionNode = FALSE
	EndGlobalSection
	GlobalSection(ExtensibilityGlobals) = postSolution
		SolutionGuid = {5639CE1D-2909-4980-BBFC-B98CDDABAF44}
	EndGlobalSection
EndGlobal
